
Microsoft Visual Studio Solution File, Format Version 12.00
# Visual Studio Version 16
VisualStudioVersion = 25.0.1706.1
MinimumVisualStudioVersion = 10.0.40219.1
Project("{FAE04EC0-301F-11D3-BF4B-00C04F79EFBC}") = "mvc", "mvc\mvc.csproj", "{F3A1C2B8-5F20-4A07-AEE8-932CF15718CD}"
EndProject
Project("{FAE04EC0-301F-11D3-BF4B-00C04F79EFBC}") = "EntityLayer", "EntityLayer\EntityLayer.csproj", "{265028B2-3BB9-4A5D-A647-08A3AB552568}"
EndProject
Project("{FAE04EC0-301F-11D3-BF4B-00C04F79EFBC}") = "DataAccessLayer", "DataAccessLayer\DataAccessLayer.csproj", "{35AB7C1F-0073-4709-BD15-BB3C0F3783DF}"
EndProject
Project("{FAE04EC0-301F-11D3-BF4B-00C04F79EFBC}") = "BusinessLayer", "BusinessLayer\BusinessLayer.csproj", "{CC041F02-0F7F-41F2-9BD0-4FFABF36948C}"
EndProject
Global
	GlobalSection(SolutionConfigurationPlatforms) = preSolution
		Debug|Any CPU = Debug|Any CPU
		Release|Any CPU = Release|Any CPU
	EndGlobalSection
	GlobalSection(ProjectConfigurationPlatforms) = postSolution
		{F3A1C2B8-5F20-4A07-AEE8-932CF15718CD}.Debug|Any CPU.ActiveCfg = Debug|Any CPU
		{F3A1C2B8-5F20-4A07-AEE8-932CF15718CD}.Debug|Any CPU.Build.0 = Debug|Any CPU
		{F3A1C2B8-5F20-4A07-AEE8-932CF15718CD}.Release|Any CPU.ActiveCfg = Release|Any CPU
		{F3A1C2B8-5F20-4A07-AEE8-932CF15718CD}.Release|Any CPU.Build.0 = Release|Any CPU
		{265028B2-3BB9-4A5D-A647-08A3AB552568}.Debug|Any CPU.ActiveCfg = Debug|Any CPU
		{265028B2-3BB9-4A5D-A647-08A3AB552568}.Debug|Any CPU.Build.0 = Debug|Any CPU
		{265028B2-3BB9-4A5D-A647-08A3AB552568}.Release|Any CPU.ActiveCfg = Release|Any CPU
		{265028B2-3BB9-4A5D-A647-08A3AB552568}.Release|Any CPU.Build.0 = Release|Any CPU
		{35AB7C1F-0073-4709-BD15-BB3C0F3783DF}.Debug|Any CPU.ActiveCfg = Debug|Any CPU
		{35AB7C1F-0073-4709-BD15-BB3C0F3783DF}.Debug|Any CPU.Build.0 = Debug|Any CPU
		{35AB7C1F-0073-4709-BD15-BB3C0F3783DF}.Release|Any CPU.ActiveCfg = Release|Any CPU
		{35AB7C1F-0073-4709-BD15-BB3C0F3783DF}.Release|Any CPU.Build.0 = Release|Any CPU
		{CC041F02-0F7F-41F2-9BD0-4FFABF36948C}.Debug|Any CPU.ActiveCfg = Debug|Any CPU
		{CC041F02-0F7F-41F2-9BD0-4FFABF36948C}.Debug|Any CPU.Build.0 = Debug|Any CPU
		{CC041F02-0F7F-41F2-9BD0-4FFABF36948C}.Release|Any CPU.ActiveCfg = Release|Any CPU
		{CC041F02-0F7F-41F2-9BD0-4FFABF36948C}.Release|Any CPU.Build.0 = Release|Any CPU
	EndGlobalSection
	GlobalSection(SolutionProperties) = preSolution
		HideSolutionNode = FALSE
	EndGlobalSection
	GlobalSection(ExtensibilityGlobals) = postSolution
		SolutionGuid = {FF0802D7-8E6A-42D7-9D23-C16587AFEE00}
	EndGlobalSection
EndGlobal
